{
  "name": "@teseract/validatorjs",
  "version": "1.0.0",
  "lockfileVersion": 3,
  "requires": true,
  "packages": {
    "": {
      "name": "@teseract/validatorjs",
      "version": "1.0.0",
      "license": "MIT",
      "dependencies": {
        "@teseract/validatorjs": "file:"
      }
    },
    "node_modules/@teseract/validatorjs": {
      "resolved": "",
      "link": true
    }
  }
}
